
Microsoft Visual Studio Solution File, Format Version 12.00
# Visual Studio 15
VisualStudioVersion = 15.0.27130.2010
MinimumVisualStudioVersion = 10.0.40219.1
Project("{9A19103F-16F7-4668-BE54-9A1E7A4F7556}") = "MyGameList", "MyGameList\MyGameList.csproj", "{9B075CB1-F83D-4EDA-8181-91B07A8BFEE8}"
EndProject
Project("{9092AA53-FB77-4645-B42D-1CCCA6BD08BD}") = "MyGameListApp", "MyGameListApp\MyGameListApp.njsproj", "{07747E92-2457-4D1F-AA7E-3FE15B8D54AA}"
EndProject
Global
	GlobalSection(SolutionConfigurationPlatforms) = preSolution
		Debug|Any CPU = Debug|Any CPU
		Release|Any CPU = Release|Any CPU
	EndGlobalSection
	GlobalSection(ProjectConfigurationPlatforms) = postSolution
		{9B075CB1-F83D-4EDA-8181-91B07A8BFEE8}.Debug|Any CPU.ActiveCfg = Debug|Any CPU
		{9B075CB1-F83D-4EDA-8181-91B07A8BFEE8}.Debug|Any CPU.Build.0 = Debug|Any CPU
		{9B075CB1-F83D-4EDA-8181-91B07A8BFEE8}.Release|Any CPU.ActiveCfg = Release|Any CPU
		{9B075CB1-F83D-4EDA-8181-91B07A8BFEE8}.Release|Any CPU.Build.0 = Release|Any CPU
		{07747E92-2457-4D1F-AA7E-3FE15B8D54AA}.Debug|Any CPU.ActiveCfg = Debug|Any CPU
		{07747E92-2457-4D1F-AA7E-3FE15B8D54AA}.Debug|Any CPU.Build.0 = Debug|Any CPU
		{07747E92-2457-4D1F-AA7E-3FE15B8D54AA}.Release|Any CPU.ActiveCfg = Release|Any CPU
		{07747E92-2457-4D1F-AA7E-3FE15B8D54AA}.Release|Any CPU.Build.0 = Release|Any CPU
	EndGlobalSection
	GlobalSection(SolutionProperties) = preSolution
		HideSolutionNode = FALSE
	EndGlobalSection
	GlobalSection(ExtensibilityGlobals) = postSolution
		SolutionGuid = {B775C62A-C18A-44E1-B9C8-0BB45B93007B}
	EndGlobalSection
EndGlobal
